
Microsoft Visual Studio Solution File, Format Version 12.00
# Visual Studio Version 17
VisualStudioVersion = 17.5.002.0
MinimumVisualStudioVersion = 10.0.40219.1
Project("{9A19103F-16F7-4668-BE54-9A1E7A4F7556}") = "piper_tray_classic", "piper_tray_classic.csproj", "{F09F8461-69F7-4CE5-80EC-7A1BE252504C}"
EndProject
Global
	GlobalSection(SolutionConfigurationPlatforms) = preSolution
		Debug|Any CPU = Debug|Any CPU
		Release|Any CPU = Release|Any CPU
	EndGlobalSection
	GlobalSection(ProjectConfigurationPlatforms) = postSolution
		{F09F8461-69F7-4CE5-80EC-7A1BE252504C}.Debug|Any CPU.ActiveCfg = Debug|Any CPU
		{F09F8461-69F7-4CE5-80EC-7A1BE252504C}.Debug|Any CPU.Build.0 = Debug|Any CPU
		{F09F8461-69F7-4CE5-80EC-7A1BE252504C}.Release|Any CPU.ActiveCfg = Release|Any CPU
		{F09F8461-69F7-4CE5-80EC-7A1BE252504C}.Release|Any CPU.Build.0 = Release|Any CPU
	EndGlobalSection
	GlobalSection(SolutionProperties) = preSolution
		HideSolutionNode = FALSE
	EndGlobalSection
	GlobalSection(ExtensibilityGlobals) = postSolution
		SolutionGuid = {D4655AF7-8651-47A2-9ECB-16461E952061}
	EndGlobalSection
EndGlobal
